
Microsoft Visual Studio Solution File, Format Version 12.00
# Visual Studio Version 17
VisualStudioVersion = 17.10.35027.167
MinimumVisualStudioVersion = 10.0.40219.1
Project("{9A19103F-16F7-4668-BE54-9A1E7A4F7556}") = "NZWalks.API", "NZWalks.API\NZWalks.API.csproj", "{036EEF7F-E384-442D-91F8-6DA5C901498B}"
EndProject
Project("{FAE04EC0-301F-11D3-BF4B-00C04F79EFBC}") = "NZWalks.UI", "NZWalks.UI\NZWalks.UI.csproj", "{E43419FC-4A29-4100-BFF2-17E3B856028B}"
EndProject
Global
	GlobalSection(SolutionConfigurationPlatforms) = preSolution
		Debug|Any CPU = Debug|Any CPU
		Release|Any CPU = Release|Any CPU
	EndGlobalSection
	GlobalSection(ProjectConfigurationPlatforms) = postSolution
		{036EEF7F-E384-442D-91F8-6DA5C901498B}.Debug|Any CPU.ActiveCfg = Debug|Any CPU
		{036EEF7F-E384-442D-91F8-6DA5C901498B}.Debug|Any CPU.Build.0 = Debug|Any CPU
		{036EEF7F-E384-442D-91F8-6DA5C901498B}.Release|Any CPU.ActiveCfg = Release|Any CPU
		{036EEF7F-E384-442D-91F8-6DA5C901498B}.Release|Any CPU.Build.0 = Release|Any CPU
		{E43419FC-4A29-4100-BFF2-17E3B856028B}.Debug|Any CPU.ActiveCfg = Debug|Any CPU
		{E43419FC-4A29-4100-BFF2-17E3B856028B}.Debug|Any CPU.Build.0 = Debug|Any CPU
		{E43419FC-4A29-4100-BFF2-17E3B856028B}.Release|Any CPU.ActiveCfg = Release|Any CPU
		{E43419FC-4A29-4100-BFF2-17E3B856028B}.Release|Any CPU.Build.0 = Release|Any CPU
	EndGlobalSection
	GlobalSection(SolutionProperties) = preSolution
		HideSolutionNode = FALSE
	EndGlobalSection
	GlobalSection(ExtensibilityGlobals) = postSolution
		SolutionGuid = {BA9412BC-DE94-4972-B99C-800C581434D1}
	EndGlobalSection
EndGlobal
